
Microsoft Visual Studio Solution File, Format Version 12.00
# Visual Studio Version 17
VisualStudioVersion = 17.13.35913.81 d17.13
MinimumVisualStudioVersion = 10.0.40219.1
Project("{FAE04EC0-301F-11D3-BF4B-00C04F79EFBC}") = "TesetLogica", "TesetLogica\TesetLogica.csproj", "{FF7AC9C2-B972-49E4-A915-BC7B79CDCF30}"
EndProject
Project("{FAE04EC0-301F-11D3-BF4B-00C04F79EFBC}") = "TestProject", "TestProject\TestProject.csproj", "{EBA07860-E90F-4B46-AF57-D711DE4AD5EA}"
EndProject
Global
	GlobalSection(SolutionConfigurationPlatforms) = preSolution
		Debug|Any CPU = Debug|Any CPU
		Release|Any CPU = Release|Any CPU
	EndGlobalSection
	GlobalSection(ProjectConfigurationPlatforms) = postSolution
		{FF7AC9C2-B972-49E4-A915-BC7B79CDCF30}.Debug|Any CPU.ActiveCfg = Debug|Any CPU
		{FF7AC9C2-B972-49E4-A915-BC7B79CDCF30}.Debug|Any CPU.Build.0 = Debug|Any CPU
		{FF7AC9C2-B972-49E4-A915-BC7B79CDCF30}.Release|Any CPU.ActiveCfg = Release|Any CPU
		{FF7AC9C2-B972-49E4-A915-BC7B79CDCF30}.Release|Any CPU.Build.0 = Release|Any CPU
		{EBA07860-E90F-4B46-AF57-D711DE4AD5EA}.Debug|Any CPU.ActiveCfg = Debug|Any CPU
		{EBA07860-E90F-4B46-AF57-D711DE4AD5EA}.Debug|Any CPU.Build.0 = Debug|Any CPU
		{EBA07860-E90F-4B46-AF57-D711DE4AD5EA}.Release|Any CPU.ActiveCfg = Release|Any CPU
		{EBA07860-E90F-4B46-AF57-D711DE4AD5EA}.Release|Any CPU.Build.0 = Release|Any CPU
	EndGlobalSection
	GlobalSection(SolutionProperties) = preSolution
		HideSolutionNode = FALSE
	EndGlobalSection
	GlobalSection(ExtensibilityGlobals) = postSolution
		SolutionGuid = {8DC9F6FB-8689-4122-9FDA-6B2FFE6A0F95}
	EndGlobalSection
EndGlobal
